// !$*UTF8*$!
{
	archiveVersion = 1;
	classes = {
	};
	objectVersion = 50;
	objects = {

/* Begin PBXBuildFile section */
		B755B48926A285DB002B61F2 /* AppDelegate.swift in Sources */ = {isa = PBXBuildFile; fileRef = B755B48826A285DB002B61F2 /* AppDelegate.swift */; };
		B755B48B26A285DB002B61F2 /* SceneDelegate.swift in Sources */ = {isa = PBXBuildFile; fileRef = B755B48A26A285DB002B61F2 /* SceneDelegate.swift */; };
		B755B48D26A285DB002B61F2 /* ViewController.swift in Sources */ = {isa = PBXBuildFile; fileRef = B755B48C26A285DB002B61F2 /* ViewController.swift */; };
		B755B49026A285DB002B61F2 /* Main.storyboard in Resources */ = {isa = PBXBuildFile; fileRef = B755B48E26A285DB002B61F2 /* Main.storyboard */; };
		B755B49226A285DC002B61F2 /* Assets.xcassets in Resources */ = {isa = PBXBuildFile; fileRef = B755B49126A285DC002B61F2 /* Assets.xcassets */; };
		B755B49526A285DC002B61F2 /* LaunchScreen.storyboard in Resources */ = {isa = PBXBuildFile; fileRef = B755B49326A285DC002B61F2 /* LaunchScreen.storyboard */; };
		B755B49D26A28934002B61F2 /* request.swift in Sources */ = {isa = PBXBuildFile; fileRef = B755B49C26A28934002B61F2 /* request.swift */; };
/* End PBXBuildFile section */

/* Begin PBXFileReference section */
		B755B48526A285DB002B61F2 /* Request.app */ = {isa = PBXFileReference; explicitFileType = wrapper.application; includeInIndex = 0; path = Request.app; sourceTree = BUILT_PRODUCTS_DIR; };
		B755B48826A285DB002B61F2 /* AppDelegate.swift */ = {isa = PBXFileReference; lastKnownFileType = sourcecode.swift; path = AppDelegate.swift; sourceTree = "<group>"; };
		B755B48A26A285DB002B61F2 /* SceneDelegate.swift */ = {isa = PBXFileReference; lastKnownFileType = sourcecode.swift; path = SceneDelegate.swift; sourceTree = "<group>"; };
		B755B48C26A285DB002B61F2 /* ViewController.swift */ = {isa = PBXFileReference; lastKnownFileType = sourcecode.swift; path = ViewController.swift; sourceTree = "<group>"; };
		B755B48F26A285DB002B61F2 /* Base */ = {isa = PBXFileReference; lastKnownFileType = file.storyboard; name = Base; path = Base.lproj/Main.storyboard; sourceTree = "<group>"; };
		B755B49126A285DC002B61F2 /* Assets.xcassets */ = {isa = PBXFileReference; lastKnownFileType = folder.assetcatalog; path = Assets.xcassets; sourceTree = "<group>"; };
		B755B49426A285DC002B61F2 /* Base */ = {isa = PBXFileReference; lastKnownFileType = file.storyboard; name = Base; path = Base.lproj/LaunchScreen.storyboard; sourceTree = "<group>"; };
		B755B49626A285DC002B61F2 /* Info.plist */ = {isa = PBXFileReference; lastKnownFileType = text.plist.xml; path = Info.plist; sourceTree = "<group>"; };
		B755B49C26A28934002B61F2 /* request.swift */ = {isa = PBXFileReference; lastKnownFileType = sourcecode.swift; path = request.swift; sourceTree = "<group>"; };
/* End PBXFileReference section */

/* Begin PBXFrameworksBuildPhase section */
		B755B48226A285DB002B61F2 /* Frameworks */ = {
			isa = PBXFrameworksBuildPhase;
			buildActionMask = 2147483647;
			files = (
			);
			runOnlyForDeploymentPostprocessing = 0;
		};
/* End PBXFrameworksBuildPhase section */

/* Begin PBXGroup section */
		B755B47C26A285DB002B61F2 = {
			isa = PBXGroup;
			children = (
				B755B48726A285DB002B61F2 /* Request */,
				B755B48626A285DB002B61F2 /* Products */,
			);
			sourceTree = "<group>";
		};
		B755B48626A285DB002B61F2 /* Products */ = {
			isa = PBXGroup;
			children = (
				B755B48526A285DB002B61F2 /* Request.app */,
			);
			name = Products;
			sourceTree = "<group>";
		};
		B755B48726A285DB002B61F2 /* Request */ = {
			isa = PBXGroup;
			children = (
				B755B48826A285DB002B61F2 /* AppDelegate.swift */,
				B755B48A26A285DB002B61F2 /* SceneDelegate.swift */,
				B755B48C26A285DB002B61F2 /* ViewController.swift */,
				B755B48E26A285DB002B61F2 /* Main.storyboard */,
				B755B49126A285DC002B61F2 /* Assets.xcassets */,
				B755B49326A285DC002B61F2 /* LaunchScreen.storyboard */,
				B755B49626A285DC002B61F2 /* Info.plist */,
				B755B49C26A28934002B61F2 /* request.swift */,
			);
			path = Request;
			sourceTree = "<group>";
		};
/* End PBXGroup section */

/* Begin PBXNativeTarget section */
		B755B48426A285DB002B61F2 /* Request */ = {
			isa = PBXNativeTarget;
			buildConfigurationList = B755B49926A285DC002B61F2 /* Build configuration list for PBXNativeTarget "Request" */;
			buildPhases = (
				B755B48126A285DB002B61F2 /* Sources */,
				B755B48226A285DB002B61F2 /* Frameworks */,
				B755B48326A285DB002B61F2 /* Resources */,
			);
			buildRules = (
			);
			dependencies = (
			);
			name = Request;
			productName = Request;
			productReference = B755B48526A285DB002B61F2 /* Request.app */;
			productType = "com.apple.product-type.application";
		};
/* End PBXNativeTarget section */

/* Begin PBXProject section */
		B755B47D26A285DB002B61F2 /* Project object */ = {
			isa = PBXProject;
			attributes = {
				LastSwiftUpdateCheck = 1250;
				LastUpgradeCheck = 1250;
				TargetAttributes = {
					B755B48426A285DB002B61F2 = {
						CreatedOnToolsVersion = 12.5;
					};
				};
			};
			buildConfigurationList = B755B48026A285DB002B61F2 /* Build configuration list for PBXProject "Request" */;
			compatibilityVersion = "Xcode 9.3";
			developmentRegion = en;
			hasScannedForEncodings = 0;
			knownRegions = (
				en,
				Base,
			);
			mainGroup = B755B47C26A285DB002B61F2;
			productRefGroup = B755B48626A285DB002B61F2 /* Products */;
			projectDirPath = "";
			projectRoot = "";
			targets = (
				B755B48426A285DB002B61F2 /* Request */,
			);
		};
/* End PBXProject section */

/* Begin PBXResourcesBuildPhase section */
		B755B48326A285DB002B61F2 /* Resources */ = {
			isa = PBXResourcesBuildPhase;
			buildActionMask = 2147483647;
			files = (
				B755B49526A285DC002B61F2 /* LaunchScreen.storyboard in Resources */,
				B755B49226A285DC002B61F2 /* Assets.xcassets in Resources */,
				B755B49026A285DB002B61F2 /* Main.storyboard in Resources */,
			);
			runOnlyForDeploymentPostprocessing = 0;
		};
/* End PBXResourcesBuildPhase section */

/* Begin PBXSourcesBuildPhase section */
		B755B48126A285DB002B61F2 /* Sources */ = {
			isa = PBXSourcesBuildPhase;
			buildActionMask = 2147483647;
			files = (
				B755B48D26A285DB002B61F2 /* ViewController.swift in Sources */,
				B755B49D26A28934002B61F2 /* request.swift in Sources */,
				B755B48926A285DB002B61F2 /* AppDelegate.swift in Sources */,
				B755B48B26A285DB002B61F2 /* SceneDelegate.swift in Sources */,
			);
			runOnlyForDeploymentPostprocessing = 0;
		};
/* End PBXSourcesBuildPhase section */

/* Begin PBXVariantGroup section */
		B755B48E26A285DB002B61F2 /* Main.storyboard */ = {
			isa = PBXVariantGroup;
			children = (
				B755B48F26A285DB002B61F2 /* Base */,
			);
			name = Main.storyboard;
			sourceTree = "<group>";
		};
		B755B49326A285DC002B61F2 /* LaunchScreen.storyboard */ = {
			isa = PBXVariantGroup;
			children = (
				B755B49426A285DC002B61F2 /* Base */,
			);
			name = LaunchScreen.storyboard;
			sourceTree = "<group>";
		};
/* End PBXVariantGroup section */

/* Begin XCBuildConfiguration section */
		B755B49726A285DC002B61F2 /* Debug */ = {
			isa = XCBuildConfiguration;
			buildSettings = {
				ALWAYS_SEARCH_USER_PATHS = NO;
				CLANG_ANALYZER_NONNULL = YES;
				CLANG_ANALYZER_NUMBER_OBJECT_CONVERSION = YES_AGGRESSIVE;
				CLANG_CXX_LANGUAGE_STANDARD = "gnu++14";
				CLANG_CXX_LIBRARY = "libc++";
				CLANG_ENABLE_MODULES = YES;
				CLANG_ENABLE_OBJC_ARC = YES;
				CLANG_ENABLE_OBJC_WEAK = YES;
				CLANG_WARN_BLOCK_CAPTURE_AUTORELEASING = YES;
				CLANG_WARN_BOOL_CONVERSION = YES;
				CLANG_WARN_COMMA = YES;
				CLANG_WARN_CONSTANT_CONVERSION = YES;
				CLANG_WARN_DEPRECATED_OBJC_IMPLEMENTATIONS = YES;
				CLANG_WARN_DIRECT_OBJC_ISA_USAGE = YES_ERROR;
				CLANG_WARN_DOCUMENTATION_COMMENTS = YES;
				CLANG_WARN_EMPTY_BODY = YES;
				CLANG_WARN_ENUM_CONVERSION = YES;
				CLANG_WARN_INFINITE_RECURSION = YES;
				CLANG_WARN_INT_CONVERSION = YES;
				CLANG_WARN_NON_LITERAL_NULL_CONVERSION = YES;
				CLANG_WARN_OBJC_IMPLICIT_RETAIN_SELF = YES;
				CLANG_WARN_OBJC_LITERAL_CONVERSION = YES;
				CLANG_WARN_OBJC_ROOT_CLASS = YES_ERROR;
				CLANG_WARN_QUOTED_INCLUDE_IN_FRAMEWORK_HEADER = YES;
				CLANG_WARN_RANGE_LOOP_ANALYSIS = YES;
				CLANG_WARN_STRICT_PROTOTYPES = YES;
				CLANG_WARN_SUSPICIOUS_MOVE = YES;
				CLANG_WARN_UNGUARDED_AVAILABILITY = YES_AGGRESSIVE;
				CLANG_WARN_UNREACHABLE_CODE = YES;
				CLANG_WARN__DUPLICATE_METHOD_MATCH = YES;
				COPY_PHASE_STRIP = NO;
				DEBUG_INFORMATION_FORMAT = dwarf;
				ENABLE_STRICT_OBJC_MSGSEND = YES;
				ENABLE_TESTABILITY = YES;
				GCC_C_LANGUAGE_STANDARD = gnu11;
				GCC_DYNAMIC_NO_PIC = NO;
				GCC_NO_COMMON_BLOCKS = YES;
				GCC_OPTIMIZATION_LEVEL = 0;
				GCC_PREPROCESSOR_DEFINITIONS = (
					"DEBUG=1",
					"$(inherited)",
				);
				GCC_WARN_64_TO_32_BIT_CONVERSION = YES;
				GCC_WARN_ABOUT_RETURN_TYPE = YES_ERROR;
				GCC_WARN_UNDECLARED_SELECTOR = YES;
				GCC_WARN_UNINITIALIZED_AUTOS = YES_AGGRESSIVE;
				GCC_WARN_UNUSED_FUNCTION = YES;
				GCC_WARN_UNUSED_VARIABLE = YES;
				IPHONEOS_DEPLOYMENT_TARGET = 14.5;
				MTL_ENABLE_DEBUG_INFO = INCLUDE_SOURCE;
				MTL_FAST_MATH = YES;
				ONLY_ACTIVE_ARCH = YES;
				SDKROOT = iphoneos;
				SWIFT_ACTIVE_COMPILATION_CONDITIONS = DEBUG;
				SWIFT_OPTIMIZATION_LEVEL = "-Onone";
			};
			name = Debug;
		};
		B755B49826A285DC002B61F2 /* Release */ = {
			isa = XCBuildConfiguration;
			buildSettings = {
				ALWAYS_SEARCH_USER_PATHS = NO;
				CLANG_ANALYZER_NONNULL = YES;
				CLANG_ANALYZER_NUMBER_OBJECT_CONVERSION = YES_AGGRESSIVE;
				CLANG_CXX_LANGUAGE_STANDARD = "gnu++14";
				CLANG_CXX_LIBRARY = "libc++";
				CLANG_ENABLE_MODULES = YES;
				CLANG_ENABLE_OBJC_ARC = YES;
				CLANG_ENABLE_OBJC_WEAK = YES;
				CLANG_WARN_BLOCK_CAPTURE_AUTORELEASING = YES;
				CLANG_WARN_BOOL_CONVERSION = YES;
				CLANG_WARN_COMMA = YES;
				CLANG_WARN_CONSTANT_CONVERSION = YES;
				CLANG_WARN_DEPRECATED_OBJC_IMPLEMENTATIONS = YES;
				CLANG_WARN_DIRECT_OBJC_ISA_USAGE = YES_ERROR;
				CLANG_WARN_DOCUMENTATION_COMMENTS = YES;
				CLANG_WARN_EMPTY_BODY = YES;
				CLANG_WARN_ENUM_CONVERSION = YES;
				CLANG_WARN_INFINITE_RECURSION = YES;
				CLANG_WARN_INT_CONVERSION = YES;
				CLANG_WARN_NON_LITERAL_NULL_CONVERSION = YES;
				CLANG_WARN_OBJC_IMPLICIT_RETAIN_SELF = YES;
				CLANG_WARN_OBJC_LITERAL_CONVERSION = YES;
				CLANG_WARN_OBJC_ROOT_CLASS = YES_ERROR;
				CLANG_WARN_QUOTED_INCLUDE_IN_FRAMEWORK_HEADER = YES;
				CLANG_WARN_RANGE_LOOP_ANALYSIS = YES;
				CLANG_WARN_STRICT_PROTOTYPES = YES;
				CLANG_WARN_SUSPICIOUS_MOVE = YES;
				CLANG_WARN_UNGUARDED_AVAILABILITY = YES_AGGRESSIVE;
				CLANG_WARN_UNREACHABLE_CODE = YES;
				CLANG_WARN__DUPLICATE_METHOD_MATCH = YES;
				COPY_PHASE_STRIP = NO;
				DEBUG_INFORMATION_FORMAT = "dwarf-with-dsym";
				ENABLE_NS_ASSERTIONS = NO;
				ENABLE_STRICT_OBJC_MSGSEND = YES;
				GCC_C_LANGUAGE_STANDARD = gnu11;
				GCC_NO_COMMON_BLOCKS = YES;
				GCC_WARN_64_TO_32_BIT_CONVERSION = YES;
				GCC_WARN_ABOUT_RETURN_TYPE = YES_ERROR;
				GCC_WARN_UNDECLARED_SELECTOR = YES;
				GCC_WARN_UNINITIALIZED_AUTOS = YES_AGGRESSIVE;
				GCC_WARN_UNUSED_FUNCTION = YES;
				GCC_WARN_UNUSED_VARIABLE = YES;
				IPHONEOS_DEPLOYMENT_TARGET = 14.5;
				MTL_ENABLE_DEBUG_INFO = NO;
				MTL_FAST_MATH = YES;
				SDKROOT = iphoneos;
				SWIFT_COMPILATION_MODE = wholemodule;
				SWIFT_OPTIMIZATION_LEVEL = "-O";
				VALIDATE_PRODUCT = YES;
			};
			name = Release;
		};
		B755B49A26A285DC002B61F2 /* Debug */ = {
			isa = XCBuildConfiguration;
			buildSettings = {
				ASSETCATALOG_COMPILER_APPICON_NAME = AppIcon;
				ASSETCATALOG_COMPILER_GLOBAL_ACCENT_COLOR_NAME = AccentColor;
				CODE_SIGN_STYLE = Automatic;
				DEVELOPMENT_TEAM = 4Y2567YJY8;
				INFOPLIST_FILE = Request/Info.plist;
				LD_RUNPATH_SEARCH_PATHS = (
					"$(inherited)",
					"@executable_path/Frameworks",
				);
				PRODUCT_BUNDLE_IDENTIFIER = kant.Request;
				PRODUCT_NAME = "$(TARGET_NAME)";
				SWIFT_VERSION = 5.0;
				TARGETED_DEVICE_FAMILY = "1,2";
			};
			name = Debug;
		};
		B755B49B26A285DC002B61F2 /* Release */ = {
			isa = XCBuildConfiguration;
			buildSettings = {
				ASSETCATALOG_COMPILER_APPICON_NAME = AppIcon;
				ASSETCATALOG_COMPILER_GLOBAL_ACCENT_COLOR_NAME = AccentColor;
				CODE_SIGN_STYLE = Automatic;
				DEVELOPMENT_TEAM = 4Y2567YJY8;
				INFOPLIST_FILE = Request/Info.plist;
				LD_RUNPATH_SEARCH_PATHS = (
					"$(inherited)",
					"@executable_path/Frameworks",
				);
				PRODUCT_BUNDLE_IDENTIFIER = kant.Request;
				PRODUCT_NAME = "$(TARGET_NAME)";
				SWIFT_VERSION = 5.0;
				TARGETED_DEVICE_FAMILY = "1,2";
			};
			name = Release;
		};
/* End XCBuildConfiguration section */

/* Begin XCConfigurationList section */
		B755B48026A285DB002B61F2 /* Build configuration list for PBXProject "Request" */ = {
			isa = XCConfigurationList;
			buildConfigurations = (
				B755B49726A285DC002B61F2 /* Debug */,
				B755B49826A285DC002B61F2 /* Release */,
			);
			defaultConfigurationIsVisible = 0;
			defaultConfigurationName = Release;
		};
		B755B49926A285DC002B61F2 /* Build configuration list for PBXNativeTarget "Request" */ = {
			isa = XCConfigurationList;
			buildConfigurations = (
				B755B49A26A285DC002B61F2 /* Debug */,
				B755B49B26A285DC002B61F2 /* Release */,
			);
			defaultConfigurationIsVisible = 0;
			defaultConfigurationName = Release;
		};
/* End XCConfigurationList section */
	};
	rootObject = B755B47D26A285DB002B61F2 /* Project object */;
}
