// !$*UTF8*$!
{
	archiveVersion = 1;
	classes = {
	};
	objectVersion = 56;
	objects = {

/* Begin PBXBuildFile section */
		0C5CBE7005AF128DF5490F9C /* libPods-schemeTestB.a in Frameworks */ = {isa = PBXBuildFile; fileRef = DD44C7C24482E07C00CFFD28 /* libPods-schemeTestB.a */; };
		8B888D383B1ECE7F5C111D96 /* libPods-schemeTestA.a in Frameworks */ = {isa = PBXBuildFile; fileRef = DB1278C3DE1CE5AADDD56092 /* libPods-schemeTestA.a */; };
		BE7B03242AEFDA5C001AFF39 /* schemeTestApp.swift in Sources */ = {isa = PBXBuildFile; fileRef = BE7B03232AEFDA5C001AFF39 /* schemeTestApp.swift */; };
		BE7B03262AEFDA5C001AFF39 /* ContentView.swift in Sources */ = {isa = PBXBuildFile; fileRef = BE7B03252AEFDA5C001AFF39 /* ContentView.swift */; };
		BE7B03282AEFDA5D001AFF39 /* Assets.xcassets in Resources */ = {isa = PBXBuildFile; fileRef = BE7B03272AEFDA5D001AFF39 /* Assets.xcassets */; };
		BE7B032B2AEFDA5D001AFF39 /* Preview Assets.xcassets in Resources */ = {isa = PBXBuildFile; fileRef = BE7B032A2AEFDA5D001AFF39 /* Preview Assets.xcassets */; };
		BE7B03402AEFDB18001AFF39 /* ContentView.swift in Sources */ = {isa = PBXBuildFile; fileRef = BE7B03252AEFDA5C001AFF39 /* ContentView.swift */; };
		BE7B03412AEFDB18001AFF39 /* schemeTestApp.swift in Sources */ = {isa = PBXBuildFile; fileRef = BE7B03232AEFDA5C001AFF39 /* schemeTestApp.swift */; };
		BE7B03452AEFDB18001AFF39 /* Preview Assets.xcassets in Resources */ = {isa = PBXBuildFile; fileRef = BE7B032A2AEFDA5D001AFF39 /* Preview Assets.xcassets */; };
		BE7B03462AEFDB18001AFF39 /* Assets.xcassets in Resources */ = {isa = PBXBuildFile; fileRef = BE7B03272AEFDA5D001AFF39 /* Assets.xcassets */; };
/* End PBXBuildFile section */

/* Begin PBXFileReference section */
		1F8DD544E115E6971E8B0045 /* Pods-schemeTestA.release.xcconfig */ = {isa = PBXFileReference; includeInIndex = 1; lastKnownFileType = text.xcconfig; name = "Pods-schemeTestA.release.xcconfig"; path = "Target Support Files/Pods-schemeTestA/Pods-schemeTestA.release.xcconfig"; sourceTree = "<group>"; };
		242AEEE1A8495F2BA40BF391 /* Pods-schemeTestB.debug.xcconfig */ = {isa = PBXFileReference; includeInIndex = 1; lastKnownFileType = text.xcconfig; name = "Pods-schemeTestB.debug.xcconfig"; path = "Target Support Files/Pods-schemeTestB/Pods-schemeTestB.debug.xcconfig"; sourceTree = "<group>"; };
		6602225DB27BCB1C2F13277C /* Pods-schemeTestA.debug.xcconfig */ = {isa = PBXFileReference; includeInIndex = 1; lastKnownFileType = text.xcconfig; name = "Pods-schemeTestA.debug.xcconfig"; path = "Target Support Files/Pods-schemeTestA/Pods-schemeTestA.debug.xcconfig"; sourceTree = "<group>"; };
		7F8C3F471FDF45030A9155C6 /* Pods-schemeTest.release.xcconfig */ = {isa = PBXFileReference; includeInIndex = 1; lastKnownFileType = text.xcconfig; name = "Pods-schemeTest.release.xcconfig"; path = "Target Support Files/Pods-schemeTest/Pods-schemeTest.release.xcconfig"; sourceTree = "<group>"; };
		8499CEFDB63F1C7534CBFA5C /* Pods-schemeTest.debug.xcconfig */ = {isa = PBXFileReference; includeInIndex = 1; lastKnownFileType = text.xcconfig; name = "Pods-schemeTest.debug.xcconfig"; path = "Target Support Files/Pods-schemeTest/Pods-schemeTest.debug.xcconfig"; sourceTree = "<group>"; };
		BE4A0A222AEFE29B00AD41A8 /* schemeTestA-Info.plist */ = {isa = PBXFileReference; lastKnownFileType = text.plist; path = "schemeTestA-Info.plist"; sourceTree = "<group>"; };
		BE4A0A232AEFE4FF00AD41A8 /* schemeTestB-Info.plist */ = {isa = PBXFileReference; lastKnownFileType = text.plist; path = "schemeTestB-Info.plist"; sourceTree = "<group>"; };
		BE7B03202AEFDA5C001AFF39 /* schemeTestA.app */ = {isa = PBXFileReference; explicitFileType = wrapper.application; includeInIndex = 0; path = schemeTestA.app; sourceTree = BUILT_PRODUCTS_DIR; };
		BE7B03232AEFDA5C001AFF39 /* schemeTestApp.swift */ = {isa = PBXFileReference; lastKnownFileType = sourcecode.swift; path = schemeTestApp.swift; sourceTree = "<group>"; };
		BE7B03252AEFDA5C001AFF39 /* ContentView.swift */ = {isa = PBXFileReference; lastKnownFileType = sourcecode.swift; path = ContentView.swift; sourceTree = "<group>"; };
		BE7B03272AEFDA5D001AFF39 /* Assets.xcassets */ = {isa = PBXFileReference; lastKnownFileType = folder.assetcatalog; path = Assets.xcassets; sourceTree = "<group>"; };
		BE7B032A2AEFDA5D001AFF39 /* Preview Assets.xcassets */ = {isa = PBXFileReference; lastKnownFileType = folder.assetcatalog; path = "Preview Assets.xcassets"; sourceTree = "<group>"; };
		BE7B034B2AEFDB18001AFF39 /* schemeTestB.app */ = {isa = PBXFileReference; explicitFileType = wrapper.application; includeInIndex = 0; path = schemeTestB.app; sourceTree = BUILT_PRODUCTS_DIR; };
		C1CCDB30AB793AE351D8AC58 /* Pods-schemeTestB.release.xcconfig */ = {isa = PBXFileReference; includeInIndex = 1; lastKnownFileType = text.xcconfig; name = "Pods-schemeTestB.release.xcconfig"; path = "Target Support Files/Pods-schemeTestB/Pods-schemeTestB.release.xcconfig"; sourceTree = "<group>"; };
		DB1278C3DE1CE5AADDD56092 /* libPods-schemeTestA.a */ = {isa = PBXFileReference; explicitFileType = archive.ar; includeInIndex = 0; path = "libPods-schemeTestA.a"; sourceTree = BUILT_PRODUCTS_DIR; };
		DD44C7C24482E07C00CFFD28 /* libPods-schemeTestB.a */ = {isa = PBXFileReference; explicitFileType = archive.ar; includeInIndex = 0; path = "libPods-schemeTestB.a"; sourceTree = BUILT_PRODUCTS_DIR; };
/* End PBXFileReference section */

/* Begin PBXFrameworksBuildPhase section */
		BE7B031D2AEFDA5C001AFF39 /* Frameworks */ = {
			isa = PBXFrameworksBuildPhase;
			buildActionMask = 2147483647;
			files = (
				8B888D383B1ECE7F5C111D96 /* libPods-schemeTestA.a in Frameworks */,
			);
			runOnlyForDeploymentPostprocessing = 0;
		};
		BE7B03422AEFDB18001AFF39 /* Frameworks */ = {
			isa = PBXFrameworksBuildPhase;
			buildActionMask = 2147483647;
			files = (
				0C5CBE7005AF128DF5490F9C /* libPods-schemeTestB.a in Frameworks */,
			);
			runOnlyForDeploymentPostprocessing = 0;
		};
/* End PBXFrameworksBuildPhase section */

/* Begin PBXGroup section */
		3CC06D28C5F72F0760B6B2B2 /* Frameworks */ = {
			isa = PBXGroup;
			children = (
				DB1278C3DE1CE5AADDD56092 /* libPods-schemeTestA.a */,
				DD44C7C24482E07C00CFFD28 /* libPods-schemeTestB.a */,
			);
			name = Frameworks;
			sourceTree = "<group>";
		};
		BE7B03172AEFDA5C001AFF39 = {
			isa = PBXGroup;
			children = (
				BE4A0A232AEFE4FF00AD41A8 /* schemeTestB-Info.plist */,
				BE4A0A222AEFE29B00AD41A8 /* schemeTestA-Info.plist */,
				BE7B03222AEFDA5C001AFF39 /* schemeTest */,
				BE7B03212AEFDA5C001AFF39 /* Products */,
				E94D819D97E5655DF31E7620 /* Pods */,
				3CC06D28C5F72F0760B6B2B2 /* Frameworks */,
			);
			sourceTree = "<group>";
		};
		BE7B03212AEFDA5C001AFF39 /* Products */ = {
			isa = PBXGroup;
			children = (
				BE7B03202AEFDA5C001AFF39 /* schemeTestA.app */,
				BE7B034B2AEFDB18001AFF39 /* schemeTestB.app */,
			);
			name = Products;
			sourceTree = "<group>";
		};
		BE7B03222AEFDA5C001AFF39 /* schemeTest */ = {
			isa = PBXGroup;
			children = (
				BE7B03232AEFDA5C001AFF39 /* schemeTestApp.swift */,
				BE7B03252AEFDA5C001AFF39 /* ContentView.swift */,
				BE7B03272AEFDA5D001AFF39 /* Assets.xcassets */,
				BE7B03292AEFDA5D001AFF39 /* Preview Content */,
			);
			path = schemeTest;
			sourceTree = "<group>";
		};
		BE7B03292AEFDA5D001AFF39 /* Preview Content */ = {
			isa = PBXGroup;
			children = (
				BE7B032A2AEFDA5D001AFF39 /* Preview Assets.xcassets */,
			);
			path = "Preview Content";
			sourceTree = "<group>";
		};
		E94D819D97E5655DF31E7620 /* Pods */ = {
			isa = PBXGroup;
			children = (
				8499CEFDB63F1C7534CBFA5C /* Pods-schemeTest.debug.xcconfig */,
				7F8C3F471FDF45030A9155C6 /* Pods-schemeTest.release.xcconfig */,
				6602225DB27BCB1C2F13277C /* Pods-schemeTestA.debug.xcconfig */,
				1F8DD544E115E6971E8B0045 /* Pods-schemeTestA.release.xcconfig */,
				242AEEE1A8495F2BA40BF391 /* Pods-schemeTestB.debug.xcconfig */,
				C1CCDB30AB793AE351D8AC58 /* Pods-schemeTestB.release.xcconfig */,
			);
			path = Pods;
			sourceTree = "<group>";
		};
/* End PBXGroup section */

/* Begin PBXNativeTarget section */
		BE7B031F2AEFDA5C001AFF39 /* schemeTestA */ = {
			isa = PBXNativeTarget;
			buildConfigurationList = BE7B032E2AEFDA5D001AFF39 /* Build configuration list for PBXNativeTarget "schemeTestA" */;
			buildPhases = (
				6BB234DED0BB1D40DA2109DF /* [CP] Check Pods Manifest.lock */,
				BE7B031C2AEFDA5C001AFF39 /* Sources */,
				BE7B031D2AEFDA5C001AFF39 /* Frameworks */,
				BE7B031E2AEFDA5C001AFF39 /* Resources */,
			);
			buildRules = (
			);
			dependencies = (
			);
			name = schemeTestA;
			productName = schemeTest;
			productReference = BE7B03202AEFDA5C001AFF39 /* schemeTestA.app */;
			productType = "com.apple.product-type.application";
		};
		BE7B033D2AEFDB18001AFF39 /* schemeTestB */ = {
			isa = PBXNativeTarget;
			buildConfigurationList = BE7B03482AEFDB18001AFF39 /* Build configuration list for PBXNativeTarget "schemeTestB" */;
			buildPhases = (
				BE7B033E2AEFDB18001AFF39 /* [CP] Check Pods Manifest.lock */,
				BE7B033F2AEFDB18001AFF39 /* Sources */,
				BE7B03422AEFDB18001AFF39 /* Frameworks */,
				BE7B03442AEFDB18001AFF39 /* Resources */,
			);
			buildRules = (
			);
			dependencies = (
			);
			name = schemeTestB;
			productName = schemeTest;
			productReference = BE7B034B2AEFDB18001AFF39 /* schemeTestB.app */;
			productType = "com.apple.product-type.application";
		};
/* End PBXNativeTarget section */

/* Begin PBXProject section */
		BE7B03182AEFDA5C001AFF39 /* Project object */ = {
			isa = PBXProject;
			attributes = {
				BuildIndependentTargetsInParallel = 1;
				LastSwiftUpdateCheck = 1500;
				LastUpgradeCheck = 1500;
				TargetAttributes = {
					BE7B031F2AEFDA5C001AFF39 = {
						CreatedOnToolsVersion = 15.0.1;
					};
				};
			};
			buildConfigurationList = BE7B031B2AEFDA5C001AFF39 /* Build configuration list for PBXProject "schemeTest" */;
			compatibilityVersion = "Xcode 14.0";
			developmentRegion = en;
			hasScannedForEncodings = 0;
			knownRegions = (
				en,
				Base,
			);
			mainGroup = BE7B03172AEFDA5C001AFF39;
			productRefGroup = BE7B03212AEFDA5C001AFF39 /* Products */;
			projectDirPath = "";
			projectRoot = "";
			targets = (
				BE7B031F2AEFDA5C001AFF39 /* schemeTestA */,
				BE7B033D2AEFDB18001AFF39 /* schemeTestB */,
			);
		};
/* End PBXProject section */

/* Begin PBXResourcesBuildPhase section */
		BE7B031E2AEFDA5C001AFF39 /* Resources */ = {
			isa = PBXResourcesBuildPhase;
			buildActionMask = 2147483647;
			files = (
				BE7B032B2AEFDA5D001AFF39 /* Preview Assets.xcassets in Resources */,
				BE7B03282AEFDA5D001AFF39 /* Assets.xcassets in Resources */,
			);
			runOnlyForDeploymentPostprocessing = 0;
		};
		BE7B03442AEFDB18001AFF39 /* Resources */ = {
			isa = PBXResourcesBuildPhase;
			buildActionMask = 2147483647;
			files = (
				BE7B03452AEFDB18001AFF39 /* Preview Assets.xcassets in Resources */,
				BE7B03462AEFDB18001AFF39 /* Assets.xcassets in Resources */,
			);
			runOnlyForDeploymentPostprocessing = 0;
		};
/* End PBXResourcesBuildPhase section */

/* Begin PBXShellScriptBuildPhase section */
		6BB234DED0BB1D40DA2109DF /* [CP] Check Pods Manifest.lock */ = {
			isa = PBXShellScriptBuildPhase;
			buildActionMask = 2147483647;
			files = (
			);
			inputFileListPaths = (
			);
			inputPaths = (
				"${PODS_PODFILE_DIR_PATH}/Podfile.lock",
				"${PODS_ROOT}/Manifest.lock",
			);
			name = "[CP] Check Pods Manifest.lock";
			outputFileListPaths = (
			);
			outputPaths = (
				"$(DERIVED_FILE_DIR)/Pods-schemeTestA-checkManifestLockResult.txt",
			);
			runOnlyForDeploymentPostprocessing = 0;
			shellPath = /bin/sh;
			shellScript = "diff \"${PODS_PODFILE_DIR_PATH}/Podfile.lock\" \"${PODS_ROOT}/Manifest.lock\" > /dev/null\nif [ $? != 0 ] ; then\n    # print error to STDERR\n    echo \"error: The sandbox is not in sync with the Podfile.lock. Run 'pod install' or update your CocoaPods installation.\" >&2\n    exit 1\nfi\n# This output is used by Xcode 'outputs' to avoid re-running this script phase.\necho \"SUCCESS\" > \"${SCRIPT_OUTPUT_FILE_0}\"\n";
			showEnvVarsInLog = 0;
		};
		BE7B033E2AEFDB18001AFF39 /* [CP] Check Pods Manifest.lock */ = {
			isa = PBXShellScriptBuildPhase;
			buildActionMask = 2147483647;
			files = (
			);
			inputFileListPaths = (
			);
			inputPaths = (
				"${PODS_PODFILE_DIR_PATH}/Podfile.lock",
				"${PODS_ROOT}/Manifest.lock",
			);
			name = "[CP] Check Pods Manifest.lock";
			outputFileListPaths = (
			);
			outputPaths = (
				"$(DERIVED_FILE_DIR)/Pods-schemeTestB-checkManifestLockResult.txt",
			);
			runOnlyForDeploymentPostprocessing = 0;
			shellPath = /bin/sh;
			shellScript = "diff \"${PODS_PODFILE_DIR_PATH}/Podfile.lock\" \"${PODS_ROOT}/Manifest.lock\" > /dev/null\nif [ $? != 0 ] ; then\n    # print error to STDERR\n    echo \"error: The sandbox is not in sync with the Podfile.lock. Run 'pod install' or update your CocoaPods installation.\" >&2\n    exit 1\nfi\n# This output is used by Xcode 'outputs' to avoid re-running this script phase.\necho \"SUCCESS\" > \"${SCRIPT_OUTPUT_FILE_0}\"\n";
			showEnvVarsInLog = 0;
		};
/* End PBXShellScriptBuildPhase section */

/* Begin PBXSourcesBuildPhase section */
		BE7B031C2AEFDA5C001AFF39 /* Sources */ = {
			isa = PBXSourcesBuildPhase;
			buildActionMask = 2147483647;
			files = (
				BE7B03262AEFDA5C001AFF39 /* ContentView.swift in Sources */,
				BE7B03242AEFDA5C001AFF39 /* schemeTestApp.swift in Sources */,
			);
			runOnlyForDeploymentPostprocessing = 0;
		};
		BE7B033F2AEFDB18001AFF39 /* Sources */ = {
			isa = PBXSourcesBuildPhase;
			buildActionMask = 2147483647;
			files = (
				BE7B03402AEFDB18001AFF39 /* ContentView.swift in Sources */,
				BE7B03412AEFDB18001AFF39 /* schemeTestApp.swift in Sources */,
			);
			runOnlyForDeploymentPostprocessing = 0;
		};
/* End PBXSourcesBuildPhase section */

/* Begin XCBuildConfiguration section */
		BE4A0A1F2AEFE1F200AD41A8 /* QA */ = {
			isa = XCBuildConfiguration;
			buildSettings = {
				ALWAYS_SEARCH_USER_PATHS = NO;
				ASSETCATALOG_COMPILER_GENERATE_SWIFT_ASSET_SYMBOL_EXTENSIONS = YES;
				CLANG_ANALYZER_NONNULL = YES;
				CLANG_ANALYZER_NUMBER_OBJECT_CONVERSION = YES_AGGRESSIVE;
				CLANG_CXX_LANGUAGE_STANDARD = "gnu++20";
				CLANG_ENABLE_MODULES = YES;
				CLANG_ENABLE_OBJC_ARC = YES;
				CLANG_ENABLE_OBJC_WEAK = YES;
				CLANG_WARN_BLOCK_CAPTURE_AUTORELEASING = YES;
				CLANG_WARN_BOOL_CONVERSION = YES;
				CLANG_WARN_COMMA = YES;
				CLANG_WARN_CONSTANT_CONVERSION = YES;
				CLANG_WARN_DEPRECATED_OBJC_IMPLEMENTATIONS = YES;
				CLANG_WARN_DIRECT_OBJC_ISA_USAGE = YES_ERROR;
				CLANG_WARN_DOCUMENTATION_COMMENTS = YES;
				CLANG_WARN_EMPTY_BODY = YES;
				CLANG_WARN_ENUM_CONVERSION = YES;
				CLANG_WARN_INFINITE_RECURSION = YES;
				CLANG_WARN_INT_CONVERSION = YES;
				CLANG_WARN_NON_LITERAL_NULL_CONVERSION = YES;
				CLANG_WARN_OBJC_IMPLICIT_RETAIN_SELF = YES;
				CLANG_WARN_OBJC_LITERAL_CONVERSION = YES;
				CLANG_WARN_OBJC_ROOT_CLASS = YES_ERROR;
				CLANG_WARN_QUOTED_INCLUDE_IN_FRAMEWORK_HEADER = YES;
				CLANG_WARN_RANGE_LOOP_ANALYSIS = YES;
				CLANG_WARN_STRICT_PROTOTYPES = YES;
				CLANG_WARN_SUSPICIOUS_MOVE = YES;
				CLANG_WARN_UNGUARDED_AVAILABILITY = YES_AGGRESSIVE;
				CLANG_WARN_UNREACHABLE_CODE = YES;
				CLANG_WARN__DUPLICATE_METHOD_MATCH = YES;
				COPY_PHASE_STRIP = NO;
				DEBUG_INFORMATION_FORMAT = dwarf;
				ENABLE_STRICT_OBJC_MSGSEND = YES;
				ENABLE_TESTABILITY = YES;
				ENABLE_USER_SCRIPT_SANDBOXING = YES;
				GCC_C_LANGUAGE_STANDARD = gnu17;
				GCC_DYNAMIC_NO_PIC = NO;
				GCC_NO_COMMON_BLOCKS = YES;
				GCC_OPTIMIZATION_LEVEL = 0;
				GCC_PREPROCESSOR_DEFINITIONS = (
					"DEBUG=1",
					"$(inherited)",
				);
				GCC_WARN_64_TO_32_BIT_CONVERSION = YES;
				GCC_WARN_ABOUT_RETURN_TYPE = YES_ERROR;
				GCC_WARN_UNDECLARED_SELECTOR = YES;
				GCC_WARN_UNINITIALIZED_AUTOS = YES_AGGRESSIVE;
				GCC_WARN_UNUSED_FUNCTION = YES;
				GCC_WARN_UNUSED_VARIABLE = YES;
				HOST_URL = "https://test.qa.com";
				IPHONEOS_DEPLOYMENT_TARGET = 17.0;
				LOCALIZATION_PREFERS_STRING_CATALOGS = YES;
				MTL_ENABLE_DEBUG_INFO = INCLUDE_SOURCE;
				MTL_FAST_MATH = YES;
				ONLY_ACTIVE_ARCH = YES;
				SDKROOT = iphoneos;
				SWIFT_ACTIVE_COMPILATION_CONDITIONS = "QA $(inherited)";
				SWIFT_OPTIMIZATION_LEVEL = "-Onone";
			};
			name = QA;
		};
		BE4A0A202AEFE1F200AD41A8 /* QA */ = {
			isa = XCBuildConfiguration;
			baseConfigurationReference = 6602225DB27BCB1C2F13277C /* Pods-schemeTestA.debug.xcconfig */;
			buildSettings = {
				ASSETCATALOG_COMPILER_APPICON_NAME = AppIcon;
				ASSETCATALOG_COMPILER_GLOBAL_ACCENT_COLOR_NAME = AccentColor;
				CODE_SIGN_STYLE = Automatic;
				CURRENT_PROJECT_VERSION = 1;
				DEVELOPMENT_ASSET_PATHS = "\"schemeTest/Preview Content\"";
				DEVELOPMENT_TEAM = 4Y2567YJY8;
				ENABLE_PREVIEWS = YES;
				GENERATE_INFOPLIST_FILE = YES;
				INFOPLIST_FILE = "schemeTestA-Info.plist";
				INFOPLIST_KEY_UIApplicationSceneManifest_Generation = YES;
				INFOPLIST_KEY_UIApplicationSupportsIndirectInputEvents = YES;
				INFOPLIST_KEY_UILaunchScreen_Generation = YES;
				INFOPLIST_KEY_UISupportedInterfaceOrientations_iPad = "UIInterfaceOrientationPortrait UIInterfaceOrientationPortraitUpsideDown UIInterfaceOrientationLandscapeLeft UIInterfaceOrientationLandscapeRight";
				INFOPLIST_KEY_UISupportedInterfaceOrientations_iPhone = "UIInterfaceOrientationPortrait UIInterfaceOrientationLandscapeLeft UIInterfaceOrientationLandscapeRight";
				LD_RUNPATH_SEARCH_PATHS = (
					"$(inherited)",
					"@executable_path/Frameworks",
				);
				MARKETING_VERSION = 1.0;
				OTHER_SWIFT_FLAGS = "$(inherited) -D COCOAPODS -DSCHEMETESTA";
				PRODUCT_BUNDLE_IDENTIFIER = kant.schemeTest;
				PRODUCT_NAME = "$(TARGET_NAME)";
				SWIFT_EMIT_LOC_STRINGS = YES;
				SWIFT_VERSION = 5.0;
				TARGETED_DEVICE_FAMILY = "1,2";
			};
			name = QA;
		};
		BE4A0A212AEFE1F200AD41A8 /* QA */ = {
			isa = XCBuildConfiguration;
			baseConfigurationReference = 242AEEE1A8495F2BA40BF391 /* Pods-schemeTestB.debug.xcconfig */;
			buildSettings = {
				ASSETCATALOG_COMPILER_APPICON_NAME = AppIcon;
				ASSETCATALOG_COMPILER_GLOBAL_ACCENT_COLOR_NAME = AccentColor;
				CODE_SIGN_STYLE = Automatic;
				CURRENT_PROJECT_VERSION = 1;
				DEVELOPMENT_ASSET_PATHS = "\"schemeTest/Preview Content\"";
				DEVELOPMENT_TEAM = 4Y2567YJY8;
				ENABLE_PREVIEWS = YES;
				GENERATE_INFOPLIST_FILE = YES;
				INFOPLIST_FILE = "schemeTestB-Info.plist";
				INFOPLIST_KEY_UIApplicationSceneManifest_Generation = YES;
				INFOPLIST_KEY_UIApplicationSupportsIndirectInputEvents = YES;
				INFOPLIST_KEY_UILaunchScreen_Generation = YES;
				INFOPLIST_KEY_UISupportedInterfaceOrientations_iPad = "UIInterfaceOrientationPortrait UIInterfaceOrientationPortraitUpsideDown UIInterfaceOrientationLandscapeLeft UIInterfaceOrientationLandscapeRight";
				INFOPLIST_KEY_UISupportedInterfaceOrientations_iPhone = "UIInterfaceOrientationPortrait UIInterfaceOrientationLandscapeLeft UIInterfaceOrientationLandscapeRight";
				LD_RUNPATH_SEARCH_PATHS = (
					"$(inherited)",
					"@executable_path/Frameworks",
				);
				MARKETING_VERSION = 1.0;
				OTHER_SWIFT_FLAGS = "$(inherited) -D COCOAPODS -DSCHEMETESTB";
				PRODUCT_BUNDLE_IDENTIFIER = kant.schemeTest;
				PRODUCT_NAME = "$(TARGET_NAME)";
				SWIFT_EMIT_LOC_STRINGS = YES;
				SWIFT_VERSION = 5.0;
				TARGETED_DEVICE_FAMILY = "1,2";
			};
			name = QA;
		};
		BE7B032C2AEFDA5D001AFF39 /* Debug */ = {
			isa = XCBuildConfiguration;
			buildSettings = {
				ALWAYS_SEARCH_USER_PATHS = NO;
				ASSETCATALOG_COMPILER_GENERATE_SWIFT_ASSET_SYMBOL_EXTENSIONS = YES;
				CLANG_ANALYZER_NONNULL = YES;
				CLANG_ANALYZER_NUMBER_OBJECT_CONVERSION = YES_AGGRESSIVE;
				CLANG_CXX_LANGUAGE_STANDARD = "gnu++20";
				CLANG_ENABLE_MODULES = YES;
				CLANG_ENABLE_OBJC_ARC = YES;
				CLANG_ENABLE_OBJC_WEAK = YES;
				CLANG_WARN_BLOCK_CAPTURE_AUTORELEASING = YES;
				CLANG_WARN_BOOL_CONVERSION = YES;
				CLANG_WARN_COMMA = YES;
				CLANG_WARN_CONSTANT_CONVERSION = YES;
				CLANG_WARN_DEPRECATED_OBJC_IMPLEMENTATIONS = YES;
				CLANG_WARN_DIRECT_OBJC_ISA_USAGE = YES_ERROR;
				CLANG_WARN_DOCUMENTATION_COMMENTS = YES;
				CLANG_WARN_EMPTY_BODY = YES;
				CLANG_WARN_ENUM_CONVERSION = YES;
				CLANG_WARN_INFINITE_RECURSION = YES;
				CLANG_WARN_INT_CONVERSION = YES;
				CLANG_WARN_NON_LITERAL_NULL_CONVERSION = YES;
				CLANG_WARN_OBJC_IMPLICIT_RETAIN_SELF = YES;
				CLANG_WARN_OBJC_LITERAL_CONVERSION = YES;
				CLANG_WARN_OBJC_ROOT_CLASS = YES_ERROR;
				CLANG_WARN_QUOTED_INCLUDE_IN_FRAMEWORK_HEADER = YES;
				CLANG_WARN_RANGE_LOOP_ANALYSIS = YES;
				CLANG_WARN_STRICT_PROTOTYPES = YES;
				CLANG_WARN_SUSPICIOUS_MOVE = YES;
				CLANG_WARN_UNGUARDED_AVAILABILITY = YES_AGGRESSIVE;
				CLANG_WARN_UNREACHABLE_CODE = YES;
				CLANG_WARN__DUPLICATE_METHOD_MATCH = YES;
				COPY_PHASE_STRIP = NO;
				DEBUG_INFORMATION_FORMAT = dwarf;
				ENABLE_STRICT_OBJC_MSGSEND = YES;
				ENABLE_TESTABILITY = YES;
				ENABLE_USER_SCRIPT_SANDBOXING = YES;
				GCC_C_LANGUAGE_STANDARD = gnu17;
				GCC_DYNAMIC_NO_PIC = NO;
				GCC_NO_COMMON_BLOCKS = YES;
				GCC_OPTIMIZATION_LEVEL = 0;
				GCC_PREPROCESSOR_DEFINITIONS = (
					"DEBUG=1",
					"$(inherited)",
				);
				GCC_WARN_64_TO_32_BIT_CONVERSION = YES;
				GCC_WARN_ABOUT_RETURN_TYPE = YES_ERROR;
				GCC_WARN_UNDECLARED_SELECTOR = YES;
				GCC_WARN_UNINITIALIZED_AUTOS = YES_AGGRESSIVE;
				GCC_WARN_UNUSED_FUNCTION = YES;
				GCC_WARN_UNUSED_VARIABLE = YES;
				HOST_URL = "https://test.debug.com";
				IPHONEOS_DEPLOYMENT_TARGET = 17.0;
				LOCALIZATION_PREFERS_STRING_CATALOGS = YES;
				MTL_ENABLE_DEBUG_INFO = INCLUDE_SOURCE;
				MTL_FAST_MATH = YES;
				ONLY_ACTIVE_ARCH = YES;
				SDKROOT = iphoneos;
				SWIFT_ACTIVE_COMPILATION_CONDITIONS = "DEBUG $(inherited)";
				SWIFT_OPTIMIZATION_LEVEL = "-Onone";
			};
			name = Debug;
		};
		BE7B032D2AEFDA5D001AFF39 /* Release */ = {
			isa = XCBuildConfiguration;
			buildSettings = {
				ALWAYS_SEARCH_USER_PATHS = NO;
				ASSETCATALOG_COMPILER_GENERATE_SWIFT_ASSET_SYMBOL_EXTENSIONS = YES;
				CLANG_ANALYZER_NONNULL = YES;
				CLANG_ANALYZER_NUMBER_OBJECT_CONVERSION = YES_AGGRESSIVE;
				CLANG_CXX_LANGUAGE_STANDARD = "gnu++20";
				CLANG_ENABLE_MODULES = YES;
				CLANG_ENABLE_OBJC_ARC = YES;
				CLANG_ENABLE_OBJC_WEAK = YES;
				CLANG_WARN_BLOCK_CAPTURE_AUTORELEASING = YES;
				CLANG_WARN_BOOL_CONVERSION = YES;
				CLANG_WARN_COMMA = YES;
				CLANG_WARN_CONSTANT_CONVERSION = YES;
				CLANG_WARN_DEPRECATED_OBJC_IMPLEMENTATIONS = YES;
				CLANG_WARN_DIRECT_OBJC_ISA_USAGE = YES_ERROR;
				CLANG_WARN_DOCUMENTATION_COMMENTS = YES;
				CLANG_WARN_EMPTY_BODY = YES;
				CLANG_WARN_ENUM_CONVERSION = YES;
				CLANG_WARN_INFINITE_RECURSION = YES;
				CLANG_WARN_INT_CONVERSION = YES;
				CLANG_WARN_NON_LITERAL_NULL_CONVERSION = YES;
				CLANG_WARN_OBJC_IMPLICIT_RETAIN_SELF = YES;
				CLANG_WARN_OBJC_LITERAL_CONVERSION = YES;
				CLANG_WARN_OBJC_ROOT_CLASS = YES_ERROR;
				CLANG_WARN_QUOTED_INCLUDE_IN_FRAMEWORK_HEADER = YES;
				CLANG_WARN_RANGE_LOOP_ANALYSIS = YES;
				CLANG_WARN_STRICT_PROTOTYPES = YES;
				CLANG_WARN_SUSPICIOUS_MOVE = YES;
				CLANG_WARN_UNGUARDED_AVAILABILITY = YES_AGGRESSIVE;
				CLANG_WARN_UNREACHABLE_CODE = YES;
				CLANG_WARN__DUPLICATE_METHOD_MATCH = YES;
				COPY_PHASE_STRIP = NO;
				DEBUG_INFORMATION_FORMAT = "dwarf-with-dsym";
				ENABLE_NS_ASSERTIONS = NO;
				ENABLE_STRICT_OBJC_MSGSEND = YES;
				ENABLE_USER_SCRIPT_SANDBOXING = YES;
				GCC_C_LANGUAGE_STANDARD = gnu17;
				GCC_NO_COMMON_BLOCKS = YES;
				GCC_WARN_64_TO_32_BIT_CONVERSION = YES;
				GCC_WARN_ABOUT_RETURN_TYPE = YES_ERROR;
				GCC_WARN_UNDECLARED_SELECTOR = YES;
				GCC_WARN_UNINITIALIZED_AUTOS = YES_AGGRESSIVE;
				GCC_WARN_UNUSED_FUNCTION = YES;
				GCC_WARN_UNUSED_VARIABLE = YES;
				HOST_URL = "https://test.release.com";
				IPHONEOS_DEPLOYMENT_TARGET = 17.0;
				LOCALIZATION_PREFERS_STRING_CATALOGS = YES;
				MTL_ENABLE_DEBUG_INFO = NO;
				MTL_FAST_MATH = YES;
				SDKROOT = iphoneos;
				SWIFT_ACTIVE_COMPILATION_CONDITIONS = RELEASE;
				SWIFT_COMPILATION_MODE = wholemodule;
				VALIDATE_PRODUCT = YES;
			};
			name = Release;
		};
		BE7B032F2AEFDA5D001AFF39 /* Debug */ = {
			isa = XCBuildConfiguration;
			baseConfigurationReference = 6602225DB27BCB1C2F13277C /* Pods-schemeTestA.debug.xcconfig */;
			buildSettings = {
				ASSETCATALOG_COMPILER_APPICON_NAME = AppIcon;
				ASSETCATALOG_COMPILER_GLOBAL_ACCENT_COLOR_NAME = AccentColor;
				CODE_SIGN_STYLE = Automatic;
				CURRENT_PROJECT_VERSION = 1;
				DEVELOPMENT_ASSET_PATHS = "\"schemeTest/Preview Content\"";
				DEVELOPMENT_TEAM = 4Y2567YJY8;
				ENABLE_PREVIEWS = YES;
				GENERATE_INFOPLIST_FILE = YES;
				INFOPLIST_FILE = "schemeTestA-Info.plist";
				INFOPLIST_KEY_UIApplicationSceneManifest_Generation = YES;
				INFOPLIST_KEY_UIApplicationSupportsIndirectInputEvents = YES;
				INFOPLIST_KEY_UILaunchScreen_Generation = YES;
				INFOPLIST_KEY_UISupportedInterfaceOrientations_iPad = "UIInterfaceOrientationPortrait UIInterfaceOrientationPortraitUpsideDown UIInterfaceOrientationLandscapeLeft UIInterfaceOrientationLandscapeRight";
				INFOPLIST_KEY_UISupportedInterfaceOrientations_iPhone = "UIInterfaceOrientationPortrait UIInterfaceOrientationLandscapeLeft UIInterfaceOrientationLandscapeRight";
				LD_RUNPATH_SEARCH_PATHS = (
					"$(inherited)",
					"@executable_path/Frameworks",
				);
				MARKETING_VERSION = 1.0;
				OTHER_SWIFT_FLAGS = "$(inherited) -D COCOAPODS -DSCHEMETESTA";
				PRODUCT_BUNDLE_IDENTIFIER = kant.schemeTest;
				PRODUCT_NAME = "$(TARGET_NAME)";
				SWIFT_EMIT_LOC_STRINGS = YES;
				SWIFT_VERSION = 5.0;
				TARGETED_DEVICE_FAMILY = "1,2";
			};
			name = Debug;
		};
		BE7B03302AEFDA5D001AFF39 /* Release */ = {
			isa = XCBuildConfiguration;
			baseConfigurationReference = 1F8DD544E115E6971E8B0045 /* Pods-schemeTestA.release.xcconfig */;
			buildSettings = {
				ASSETCATALOG_COMPILER_APPICON_NAME = AppIcon;
				ASSETCATALOG_COMPILER_GLOBAL_ACCENT_COLOR_NAME = AccentColor;
				CODE_SIGN_STYLE = Automatic;
				CURRENT_PROJECT_VERSION = 1;
				DEVELOPMENT_ASSET_PATHS = "\"schemeTest/Preview Content\"";
				DEVELOPMENT_TEAM = 4Y2567YJY8;
				ENABLE_PREVIEWS = YES;
				GENERATE_INFOPLIST_FILE = YES;
				INFOPLIST_FILE = "schemeTestA-Info.plist";
				INFOPLIST_KEY_UIApplicationSceneManifest_Generation = YES;
				INFOPLIST_KEY_UIApplicationSupportsIndirectInputEvents = YES;
				INFOPLIST_KEY_UILaunchScreen_Generation = YES;
				INFOPLIST_KEY_UISupportedInterfaceOrientations_iPad = "UIInterfaceOrientationPortrait UIInterfaceOrientationPortraitUpsideDown UIInterfaceOrientationLandscapeLeft UIInterfaceOrientationLandscapeRight";
				INFOPLIST_KEY_UISupportedInterfaceOrientations_iPhone = "UIInterfaceOrientationPortrait UIInterfaceOrientationLandscapeLeft UIInterfaceOrientationLandscapeRight";
				LD_RUNPATH_SEARCH_PATHS = (
					"$(inherited)",
					"@executable_path/Frameworks",
				);
				MARKETING_VERSION = 1.0;
				OTHER_SWIFT_FLAGS = "$(inherited) -D COCOAPODS -DSCHEMETESTA";
				PRODUCT_BUNDLE_IDENTIFIER = kant.schemeTest;
				PRODUCT_NAME = "$(TARGET_NAME)";
				SWIFT_EMIT_LOC_STRINGS = YES;
				SWIFT_VERSION = 5.0;
				TARGETED_DEVICE_FAMILY = "1,2";
			};
			name = Release;
		};
		BE7B03492AEFDB18001AFF39 /* Debug */ = {
			isa = XCBuildConfiguration;
			baseConfigurationReference = 242AEEE1A8495F2BA40BF391 /* Pods-schemeTestB.debug.xcconfig */;
			buildSettings = {
				ASSETCATALOG_COMPILER_APPICON_NAME = AppIcon;
				ASSETCATALOG_COMPILER_GLOBAL_ACCENT_COLOR_NAME = AccentColor;
				CODE_SIGN_STYLE = Automatic;
				CURRENT_PROJECT_VERSION = 1;
				DEVELOPMENT_ASSET_PATHS = "\"schemeTest/Preview Content\"";
				DEVELOPMENT_TEAM = 4Y2567YJY8;
				ENABLE_PREVIEWS = YES;
				GENERATE_INFOPLIST_FILE = YES;
				INFOPLIST_FILE = "schemeTestB-Info.plist";
				INFOPLIST_KEY_UIApplicationSceneManifest_Generation = YES;
				INFOPLIST_KEY_UIApplicationSupportsIndirectInputEvents = YES;
				INFOPLIST_KEY_UILaunchScreen_Generation = YES;
				INFOPLIST_KEY_UISupportedInterfaceOrientations_iPad = "UIInterfaceOrientationPortrait UIInterfaceOrientationPortraitUpsideDown UIInterfaceOrientationLandscapeLeft UIInterfaceOrientationLandscapeRight";
				INFOPLIST_KEY_UISupportedInterfaceOrientations_iPhone = "UIInterfaceOrientationPortrait UIInterfaceOrientationLandscapeLeft UIInterfaceOrientationLandscapeRight";
				LD_RUNPATH_SEARCH_PATHS = (
					"$(inherited)",
					"@executable_path/Frameworks",
				);
				MARKETING_VERSION = 1.0;
				OTHER_SWIFT_FLAGS = "$(inherited) -D COCOAPODS -DSCHEMETESTB";
				PRODUCT_BUNDLE_IDENTIFIER = kant.schemeTest;
				PRODUCT_NAME = "$(TARGET_NAME)";
				SWIFT_EMIT_LOC_STRINGS = YES;
				SWIFT_VERSION = 5.0;
				TARGETED_DEVICE_FAMILY = "1,2";
			};
			name = Debug;
		};
		BE7B034A2AEFDB18001AFF39 /* Release */ = {
			isa = XCBuildConfiguration;
			baseConfigurationReference = C1CCDB30AB793AE351D8AC58 /* Pods-schemeTestB.release.xcconfig */;
			buildSettings = {
				ASSETCATALOG_COMPILER_APPICON_NAME = AppIcon;
				ASSETCATALOG_COMPILER_GLOBAL_ACCENT_COLOR_NAME = AccentColor;
				CODE_SIGN_STYLE = Automatic;
				CURRENT_PROJECT_VERSION = 1;
				DEVELOPMENT_ASSET_PATHS = "\"schemeTest/Preview Content\"";
				DEVELOPMENT_TEAM = 4Y2567YJY8;
				ENABLE_PREVIEWS = YES;
				GENERATE_INFOPLIST_FILE = YES;
				INFOPLIST_FILE = "schemeTestB-Info.plist";
				INFOPLIST_KEY_UIApplicationSceneManifest_Generation = YES;
				INFOPLIST_KEY_UIApplicationSupportsIndirectInputEvents = YES;
				INFOPLIST_KEY_UILaunchScreen_Generation = YES;
				INFOPLIST_KEY_UISupportedInterfaceOrientations_iPad = "UIInterfaceOrientationPortrait UIInterfaceOrientationPortraitUpsideDown UIInterfaceOrientationLandscapeLeft UIInterfaceOrientationLandscapeRight";
				INFOPLIST_KEY_UISupportedInterfaceOrientations_iPhone = "UIInterfaceOrientationPortrait UIInterfaceOrientationLandscapeLeft UIInterfaceOrientationLandscapeRight";
				LD_RUNPATH_SEARCH_PATHS = (
					"$(inherited)",
					"@executable_path/Frameworks",
				);
				MARKETING_VERSION = 1.0;
				OTHER_SWIFT_FLAGS = "$(inherited) -D COCOAPODS -DSCHEMETESTB";
				PRODUCT_BUNDLE_IDENTIFIER = kant.schemeTest;
				PRODUCT_NAME = "$(TARGET_NAME)";
				SWIFT_EMIT_LOC_STRINGS = YES;
				SWIFT_VERSION = 5.0;
				TARGETED_DEVICE_FAMILY = "1,2";
			};
			name = Release;
		};
/* End XCBuildConfiguration section */

/* Begin XCConfigurationList section */
		BE7B031B2AEFDA5C001AFF39 /* Build configuration list for PBXProject "schemeTest" */ = {
			isa = XCConfigurationList;
			buildConfigurations = (
				BE7B032C2AEFDA5D001AFF39 /* Debug */,
				BE4A0A1F2AEFE1F200AD41A8 /* QA */,
				BE7B032D2AEFDA5D001AFF39 /* Release */,
			);
			defaultConfigurationIsVisible = 0;
			defaultConfigurationName = Release;
		};
		BE7B032E2AEFDA5D001AFF39 /* Build configuration list for PBXNativeTarget "schemeTestA" */ = {
			isa = XCConfigurationList;
			buildConfigurations = (
				BE7B032F2AEFDA5D001AFF39 /* Debug */,
				BE4A0A202AEFE1F200AD41A8 /* QA */,
				BE7B03302AEFDA5D001AFF39 /* Release */,
			);
			defaultConfigurationIsVisible = 0;
			defaultConfigurationName = Release;
		};
		BE7B03482AEFDB18001AFF39 /* Build configuration list for PBXNativeTarget "schemeTestB" */ = {
			isa = XCConfigurationList;
			buildConfigurations = (
				BE7B03492AEFDB18001AFF39 /* Debug */,
				BE4A0A212AEFE1F200AD41A8 /* QA */,
				BE7B034A2AEFDB18001AFF39 /* Release */,
			);
			defaultConfigurationIsVisible = 0;
			defaultConfigurationName = Release;
		};
/* End XCConfigurationList section */
	};
	rootObject = BE7B03182AEFDA5C001AFF39 /* Project object */;
}
