// !$*UTF8*$!
{
	archiveVersion = 1;
	classes = {
	};
	objectVersion = 55;
	objects = {

/* Begin PBXBuildFile section */
		B758D2AA2848F8F200221A99 /* AppDelegate.swift in Sources */ = {isa = PBXBuildFile; fileRef = B758D2A92848F8F200221A99 /* AppDelegate.swift */; };
		B758D2AC2848F8F200221A99 /* SceneDelegate.swift in Sources */ = {isa = PBXBuildFile; fileRef = B758D2AB2848F8F200221A99 /* SceneDelegate.swift */; };
		B758D2B42848F8F200221A99 /* MVVMRxSwift.xcdatamodeld in Sources */ = {isa = PBXBuildFile; fileRef = B758D2B22848F8F200221A99 /* MVVMRxSwift.xcdatamodeld */; };
		B758D2B62848F8F200221A99 /* Assets.xcassets in Resources */ = {isa = PBXBuildFile; fileRef = B758D2B52848F8F200221A99 /* Assets.xcassets */; };
		B758D2B92848F8F200221A99 /* LaunchScreen.storyboard in Resources */ = {isa = PBXBuildFile; fileRef = B758D2B72848F8F200221A99 /* LaunchScreen.storyboard */; };
		B758D2C22848F99200221A99 /* RootViewController.swift in Sources */ = {isa = PBXBuildFile; fileRef = B758D2C12848F99200221A99 /* RootViewController.swift */; };
		B758D2C42848F9C400221A99 /* Coordinator.swift in Sources */ = {isa = PBXBuildFile; fileRef = B758D2C32848F9C400221A99 /* Coordinator.swift */; };
		B758D2C72848FC2B00221A99 /* Article.swift in Sources */ = {isa = PBXBuildFile; fileRef = B758D2C62848FC2B00221A99 /* Article.swift */; };
		B758D2CA2848FCD200221A99 /* ArticleService.swift in Sources */ = {isa = PBXBuildFile; fileRef = B758D2C92848FCD200221A99 /* ArticleService.swift */; };
		B758D2CD284903B600221A99 /* RootViewModel.swift in Sources */ = {isa = PBXBuildFile; fileRef = B758D2CC284903B600221A99 /* RootViewModel.swift */; };
		B758D2D1284B573D00221A99 /* ArticleViewModel.swift in Sources */ = {isa = PBXBuildFile; fileRef = B758D2D0284B573D00221A99 /* ArticleViewModel.swift */; };
		B758D2D4284B5D6900221A99 /* ArticleCell.swift in Sources */ = {isa = PBXBuildFile; fileRef = B758D2D3284B5D6900221A99 /* ArticleCell.swift */; };
		BECF6BEF9976D99B6E0492A5 /* Pods_MVVMRxSwift.framework in Frameworks */ = {isa = PBXBuildFile; fileRef = 3190585E0639A29AC844B260 /* Pods_MVVMRxSwift.framework */; };
/* End PBXBuildFile section */

/* Begin PBXFileReference section */
		3190585E0639A29AC844B260 /* Pods_MVVMRxSwift.framework */ = {isa = PBXFileReference; explicitFileType = wrapper.framework; includeInIndex = 0; path = Pods_MVVMRxSwift.framework; sourceTree = BUILT_PRODUCTS_DIR; };
		A36F8F0DC2DBB392ED0CDFDD /* Pods-MVVMRxSwift.debug.xcconfig */ = {isa = PBXFileReference; includeInIndex = 1; lastKnownFileType = text.xcconfig; name = "Pods-MVVMRxSwift.debug.xcconfig"; path = "Target Support Files/Pods-MVVMRxSwift/Pods-MVVMRxSwift.debug.xcconfig"; sourceTree = "<group>"; };
		B758D2A62848F8F200221A99 /* MVVMRxSwift.app */ = {isa = PBXFileReference; explicitFileType = wrapper.application; includeInIndex = 0; path = MVVMRxSwift.app; sourceTree = BUILT_PRODUCTS_DIR; };
		B758D2A92848F8F200221A99 /* AppDelegate.swift */ = {isa = PBXFileReference; lastKnownFileType = sourcecode.swift; path = AppDelegate.swift; sourceTree = "<group>"; };
		B758D2AB2848F8F200221A99 /* SceneDelegate.swift */ = {isa = PBXFileReference; lastKnownFileType = sourcecode.swift; path = SceneDelegate.swift; sourceTree = "<group>"; };
		B758D2B32848F8F200221A99 /* MVVMRxSwift.xcdatamodel */ = {isa = PBXFileReference; lastKnownFileType = wrapper.xcdatamodel; path = MVVMRxSwift.xcdatamodel; sourceTree = "<group>"; };
		B758D2B52848F8F200221A99 /* Assets.xcassets */ = {isa = PBXFileReference; lastKnownFileType = folder.assetcatalog; path = Assets.xcassets; sourceTree = "<group>"; };
		B758D2B82848F8F200221A99 /* Base */ = {isa = PBXFileReference; lastKnownFileType = file.storyboard; name = Base; path = Base.lproj/LaunchScreen.storyboard; sourceTree = "<group>"; };
		B758D2BA2848F8F200221A99 /* Info.plist */ = {isa = PBXFileReference; lastKnownFileType = text.plist.xml; path = Info.plist; sourceTree = "<group>"; };
		B758D2C12848F99200221A99 /* RootViewController.swift */ = {isa = PBXFileReference; lastKnownFileType = sourcecode.swift; path = RootViewController.swift; sourceTree = "<group>"; };
		B758D2C32848F9C400221A99 /* Coordinator.swift */ = {isa = PBXFileReference; lastKnownFileType = sourcecode.swift; path = Coordinator.swift; sourceTree = "<group>"; };
		B758D2C62848FC2B00221A99 /* Article.swift */ = {isa = PBXFileReference; lastKnownFileType = sourcecode.swift; path = Article.swift; sourceTree = "<group>"; };
		B758D2C92848FCD200221A99 /* ArticleService.swift */ = {isa = PBXFileReference; lastKnownFileType = sourcecode.swift; path = ArticleService.swift; sourceTree = "<group>"; };
		B758D2CC284903B600221A99 /* RootViewModel.swift */ = {isa = PBXFileReference; lastKnownFileType = sourcecode.swift; path = RootViewModel.swift; sourceTree = "<group>"; };
		B758D2D0284B573D00221A99 /* ArticleViewModel.swift */ = {isa = PBXFileReference; lastKnownFileType = sourcecode.swift; path = ArticleViewModel.swift; sourceTree = "<group>"; };
		B758D2D3284B5D6900221A99 /* ArticleCell.swift */ = {isa = PBXFileReference; lastKnownFileType = sourcecode.swift; path = ArticleCell.swift; sourceTree = "<group>"; };
		F32EC71B21A04FA45760765F /* Pods-MVVMRxSwift.release.xcconfig */ = {isa = PBXFileReference; includeInIndex = 1; lastKnownFileType = text.xcconfig; name = "Pods-MVVMRxSwift.release.xcconfig"; path = "Target Support Files/Pods-MVVMRxSwift/Pods-MVVMRxSwift.release.xcconfig"; sourceTree = "<group>"; };
/* End PBXFileReference section */

/* Begin PBXFrameworksBuildPhase section */
		B758D2A32848F8F200221A99 /* Frameworks */ = {
			isa = PBXFrameworksBuildPhase;
			buildActionMask = 2147483647;
			files = (
				BECF6BEF9976D99B6E0492A5 /* Pods_MVVMRxSwift.framework in Frameworks */,
			);
			runOnlyForDeploymentPostprocessing = 0;
		};
/* End PBXFrameworksBuildPhase section */

/* Begin PBXGroup section */
		07B5E01810AA50EB9076670C /* Pods */ = {
			isa = PBXGroup;
			children = (
				A36F8F0DC2DBB392ED0CDFDD /* Pods-MVVMRxSwift.debug.xcconfig */,
				F32EC71B21A04FA45760765F /* Pods-MVVMRxSwift.release.xcconfig */,
			);
			path = Pods;
			sourceTree = "<group>";
		};
		1506EE719F78DF36734597E9 /* Frameworks */ = {
			isa = PBXGroup;
			children = (
				3190585E0639A29AC844B260 /* Pods_MVVMRxSwift.framework */,
			);
			name = Frameworks;
			sourceTree = "<group>";
		};
		B758D29D2848F8F200221A99 = {
			isa = PBXGroup;
			children = (
				B758D2A82848F8F200221A99 /* MVVMRxSwift */,
				B758D2A72848F8F200221A99 /* Products */,
				07B5E01810AA50EB9076670C /* Pods */,
				1506EE719F78DF36734597E9 /* Frameworks */,
			);
			sourceTree = "<group>";
		};
		B758D2A72848F8F200221A99 /* Products */ = {
			isa = PBXGroup;
			children = (
				B758D2A62848F8F200221A99 /* MVVMRxSwift.app */,
			);
			name = Products;
			sourceTree = "<group>";
		};
		B758D2A82848F8F200221A99 /* MVVMRxSwift */ = {
			isa = PBXGroup;
			children = (
				B758D2D2284B5D4800221A99 /* Views */,
				B758D2CB284903A400221A99 /* ViewModels */,
				B758D2C82848FCC100221A99 /* Services */,
				B758D2C52848FC1800221A99 /* Models */,
				B758D2C02848F98000221A99 /* Controllers */,
				B758D2A92848F8F200221A99 /* AppDelegate.swift */,
				B758D2AB2848F8F200221A99 /* SceneDelegate.swift */,
				B758D2B52848F8F200221A99 /* Assets.xcassets */,
				B758D2B72848F8F200221A99 /* LaunchScreen.storyboard */,
				B758D2BA2848F8F200221A99 /* Info.plist */,
				B758D2B22848F8F200221A99 /* MVVMRxSwift.xcdatamodeld */,
				B758D2C32848F9C400221A99 /* Coordinator.swift */,
			);
			path = MVVMRxSwift;
			sourceTree = "<group>";
		};
		B758D2C02848F98000221A99 /* Controllers */ = {
			isa = PBXGroup;
			children = (
				B758D2C12848F99200221A99 /* RootViewController.swift */,
			);
			path = Controllers;
			sourceTree = "<group>";
		};
		B758D2C52848FC1800221A99 /* Models */ = {
			isa = PBXGroup;
			children = (
				B758D2C62848FC2B00221A99 /* Article.swift */,
			);
			path = Models;
			sourceTree = "<group>";
		};
		B758D2C82848FCC100221A99 /* Services */ = {
			isa = PBXGroup;
			children = (
				B758D2C92848FCD200221A99 /* ArticleService.swift */,
			);
			path = Services;
			sourceTree = "<group>";
		};
		B758D2CB284903A400221A99 /* ViewModels */ = {
			isa = PBXGroup;
			children = (
				B758D2CC284903B600221A99 /* RootViewModel.swift */,
				B758D2D0284B573D00221A99 /* ArticleViewModel.swift */,
			);
			path = ViewModels;
			sourceTree = "<group>";
		};
		B758D2D2284B5D4800221A99 /* Views */ = {
			isa = PBXGroup;
			children = (
				B758D2D3284B5D6900221A99 /* ArticleCell.swift */,
			);
			path = Views;
			sourceTree = "<group>";
		};
/* End PBXGroup section */

/* Begin PBXNativeTarget section */
		B758D2A52848F8F200221A99 /* MVVMRxSwift */ = {
			isa = PBXNativeTarget;
			buildConfigurationList = B758D2BD2848F8F200221A99 /* Build configuration list for PBXNativeTarget "MVVMRxSwift" */;
			buildPhases = (
				4FB3DF68232DF4018C7B6DB6 /* [CP] Check Pods Manifest.lock */,
				B758D2A22848F8F200221A99 /* Sources */,
				B758D2A32848F8F200221A99 /* Frameworks */,
				B758D2A42848F8F200221A99 /* Resources */,
				8DB03B99F17046BFE3C3927E /* [CP] Embed Pods Frameworks */,
			);
			buildRules = (
			);
			dependencies = (
			);
			name = MVVMRxSwift;
			productName = MVVMRxSwift;
			productReference = B758D2A62848F8F200221A99 /* MVVMRxSwift.app */;
			productType = "com.apple.product-type.application";
		};
/* End PBXNativeTarget section */

/* Begin PBXProject section */
		B758D29E2848F8F200221A99 /* Project object */ = {
			isa = PBXProject;
			attributes = {
				BuildIndependentTargetsInParallel = 1;
				LastSwiftUpdateCheck = 1320;
				LastUpgradeCheck = 1320;
				TargetAttributes = {
					B758D2A52848F8F200221A99 = {
						CreatedOnToolsVersion = 13.2.1;
					};
				};
			};
			buildConfigurationList = B758D2A12848F8F200221A99 /* Build configuration list for PBXProject "MVVMRxSwift" */;
			compatibilityVersion = "Xcode 13.0";
			developmentRegion = en;
			hasScannedForEncodings = 0;
			knownRegions = (
				en,
				Base,
			);
			mainGroup = B758D29D2848F8F200221A99;
			productRefGroup = B758D2A72848F8F200221A99 /* Products */;
			projectDirPath = "";
			projectRoot = "";
			targets = (
				B758D2A52848F8F200221A99 /* MVVMRxSwift */,
			);
		};
/* End PBXProject section */

/* Begin PBXResourcesBuildPhase section */
		B758D2A42848F8F200221A99 /* Resources */ = {
			isa = PBXResourcesBuildPhase;
			buildActionMask = 2147483647;
			files = (
				B758D2B92848F8F200221A99 /* LaunchScreen.storyboard in Resources */,
				B758D2B62848F8F200221A99 /* Assets.xcassets in Resources */,
			);
			runOnlyForDeploymentPostprocessing = 0;
		};
/* End PBXResourcesBuildPhase section */

/* Begin PBXShellScriptBuildPhase section */
		4FB3DF68232DF4018C7B6DB6 /* [CP] Check Pods Manifest.lock */ = {
			isa = PBXShellScriptBuildPhase;
			buildActionMask = 2147483647;
			files = (
			);
			inputFileListPaths = (
			);
			inputPaths = (
				"${PODS_PODFILE_DIR_PATH}/Podfile.lock",
				"${PODS_ROOT}/Manifest.lock",
			);
			name = "[CP] Check Pods Manifest.lock";
			outputFileListPaths = (
			);
			outputPaths = (
				"$(DERIVED_FILE_DIR)/Pods-MVVMRxSwift-checkManifestLockResult.txt",
			);
			runOnlyForDeploymentPostprocessing = 0;
			shellPath = /bin/sh;
			shellScript = "diff \"${PODS_PODFILE_DIR_PATH}/Podfile.lock\" \"${PODS_ROOT}/Manifest.lock\" > /dev/null\nif [ $? != 0 ] ; then\n    # print error to STDERR\n    echo \"error: The sandbox is not in sync with the Podfile.lock. Run 'pod install' or update your CocoaPods installation.\" >&2\n    exit 1\nfi\n# This output is used by Xcode 'outputs' to avoid re-running this script phase.\necho \"SUCCESS\" > \"${SCRIPT_OUTPUT_FILE_0}\"\n";
			showEnvVarsInLog = 0;
		};
		8DB03B99F17046BFE3C3927E /* [CP] Embed Pods Frameworks */ = {
			isa = PBXShellScriptBuildPhase;
			buildActionMask = 2147483647;
			files = (
			);
			inputFileListPaths = (
				"${PODS_ROOT}/Target Support Files/Pods-MVVMRxSwift/Pods-MVVMRxSwift-frameworks-${CONFIGURATION}-input-files.xcfilelist",
			);
			name = "[CP] Embed Pods Frameworks";
			outputFileListPaths = (
				"${PODS_ROOT}/Target Support Files/Pods-MVVMRxSwift/Pods-MVVMRxSwift-frameworks-${CONFIGURATION}-output-files.xcfilelist",
			);
			runOnlyForDeploymentPostprocessing = 0;
			shellPath = /bin/sh;
			shellScript = "\"${PODS_ROOT}/Target Support Files/Pods-MVVMRxSwift/Pods-MVVMRxSwift-frameworks.sh\"\n";
			showEnvVarsInLog = 0;
		};
/* End PBXShellScriptBuildPhase section */

/* Begin PBXSourcesBuildPhase section */
		B758D2A22848F8F200221A99 /* Sources */ = {
			isa = PBXSourcesBuildPhase;
			buildActionMask = 2147483647;
			files = (
				B758D2C42848F9C400221A99 /* Coordinator.swift in Sources */,
				B758D2B42848F8F200221A99 /* MVVMRxSwift.xcdatamodeld in Sources */,
				B758D2C72848FC2B00221A99 /* Article.swift in Sources */,
				B758D2CA2848FCD200221A99 /* ArticleService.swift in Sources */,
				B758D2AA2848F8F200221A99 /* AppDelegate.swift in Sources */,
				B758D2C22848F99200221A99 /* RootViewController.swift in Sources */,
				B758D2D1284B573D00221A99 /* ArticleViewModel.swift in Sources */,
				B758D2CD284903B600221A99 /* RootViewModel.swift in Sources */,
				B758D2D4284B5D6900221A99 /* ArticleCell.swift in Sources */,
				B758D2AC2848F8F200221A99 /* SceneDelegate.swift in Sources */,
			);
			runOnlyForDeploymentPostprocessing = 0;
		};
/* End PBXSourcesBuildPhase section */

/* Begin PBXVariantGroup section */
		B758D2B72848F8F200221A99 /* LaunchScreen.storyboard */ = {
			isa = PBXVariantGroup;
			children = (
				B758D2B82848F8F200221A99 /* Base */,
			);
			name = LaunchScreen.storyboard;
			sourceTree = "<group>";
		};
/* End PBXVariantGroup section */

/* Begin XCBuildConfiguration section */
		B758D2BB2848F8F200221A99 /* Debug */ = {
			isa = XCBuildConfiguration;
			buildSettings = {
				ALWAYS_SEARCH_USER_PATHS = NO;
				CLANG_ANALYZER_NONNULL = YES;
				CLANG_ANALYZER_NUMBER_OBJECT_CONVERSION = YES_AGGRESSIVE;
				CLANG_CXX_LANGUAGE_STANDARD = "gnu++17";
				CLANG_CXX_LIBRARY = "libc++";
				CLANG_ENABLE_MODULES = YES;
				CLANG_ENABLE_OBJC_ARC = YES;
				CLANG_ENABLE_OBJC_WEAK = YES;
				CLANG_WARN_BLOCK_CAPTURE_AUTORELEASING = YES;
				CLANG_WARN_BOOL_CONVERSION = YES;
				CLANG_WARN_COMMA = YES;
				CLANG_WARN_CONSTANT_CONVERSION = YES;
				CLANG_WARN_DEPRECATED_OBJC_IMPLEMENTATIONS = YES;
				CLANG_WARN_DIRECT_OBJC_ISA_USAGE = YES_ERROR;
				CLANG_WARN_DOCUMENTATION_COMMENTS = YES;
				CLANG_WARN_EMPTY_BODY = YES;
				CLANG_WARN_ENUM_CONVERSION = YES;
				CLANG_WARN_INFINITE_RECURSION = YES;
				CLANG_WARN_INT_CONVERSION = YES;
				CLANG_WARN_NON_LITERAL_NULL_CONVERSION = YES;
				CLANG_WARN_OBJC_IMPLICIT_RETAIN_SELF = YES;
				CLANG_WARN_OBJC_LITERAL_CONVERSION = YES;
				CLANG_WARN_OBJC_ROOT_CLASS = YES_ERROR;
				CLANG_WARN_QUOTED_INCLUDE_IN_FRAMEWORK_HEADER = YES;
				CLANG_WARN_RANGE_LOOP_ANALYSIS = YES;
				CLANG_WARN_STRICT_PROTOTYPES = YES;
				CLANG_WARN_SUSPICIOUS_MOVE = YES;
				CLANG_WARN_UNGUARDED_AVAILABILITY = YES_AGGRESSIVE;
				CLANG_WARN_UNREACHABLE_CODE = YES;
				CLANG_WARN__DUPLICATE_METHOD_MATCH = YES;
				COPY_PHASE_STRIP = NO;
				DEBUG_INFORMATION_FORMAT = dwarf;
				ENABLE_STRICT_OBJC_MSGSEND = YES;
				ENABLE_TESTABILITY = YES;
				GCC_C_LANGUAGE_STANDARD = gnu11;
				GCC_DYNAMIC_NO_PIC = NO;
				GCC_NO_COMMON_BLOCKS = YES;
				GCC_OPTIMIZATION_LEVEL = 0;
				GCC_PREPROCESSOR_DEFINITIONS = (
					"DEBUG=1",
					"$(inherited)",
				);
				GCC_WARN_64_TO_32_BIT_CONVERSION = YES;
				GCC_WARN_ABOUT_RETURN_TYPE = YES_ERROR;
				GCC_WARN_UNDECLARED_SELECTOR = YES;
				GCC_WARN_UNINITIALIZED_AUTOS = YES_AGGRESSIVE;
				GCC_WARN_UNUSED_FUNCTION = YES;
				GCC_WARN_UNUSED_VARIABLE = YES;
				IPHONEOS_DEPLOYMENT_TARGET = 15.2;
				MTL_ENABLE_DEBUG_INFO = INCLUDE_SOURCE;
				MTL_FAST_MATH = YES;
				ONLY_ACTIVE_ARCH = YES;
				SDKROOT = iphoneos;
				SWIFT_ACTIVE_COMPILATION_CONDITIONS = DEBUG;
				SWIFT_OPTIMIZATION_LEVEL = "-Onone";
			};
			name = Debug;
		};
		B758D2BC2848F8F200221A99 /* Release */ = {
			isa = XCBuildConfiguration;
			buildSettings = {
				ALWAYS_SEARCH_USER_PATHS = NO;
				CLANG_ANALYZER_NONNULL = YES;
				CLANG_ANALYZER_NUMBER_OBJECT_CONVERSION = YES_AGGRESSIVE;
				CLANG_CXX_LANGUAGE_STANDARD = "gnu++17";
				CLANG_CXX_LIBRARY = "libc++";
				CLANG_ENABLE_MODULES = YES;
				CLANG_ENABLE_OBJC_ARC = YES;
				CLANG_ENABLE_OBJC_WEAK = YES;
				CLANG_WARN_BLOCK_CAPTURE_AUTORELEASING = YES;
				CLANG_WARN_BOOL_CONVERSION = YES;
				CLANG_WARN_COMMA = YES;
				CLANG_WARN_CONSTANT_CONVERSION = YES;
				CLANG_WARN_DEPRECATED_OBJC_IMPLEMENTATIONS = YES;
				CLANG_WARN_DIRECT_OBJC_ISA_USAGE = YES_ERROR;
				CLANG_WARN_DOCUMENTATION_COMMENTS = YES;
				CLANG_WARN_EMPTY_BODY = YES;
				CLANG_WARN_ENUM_CONVERSION = YES;
				CLANG_WARN_INFINITE_RECURSION = YES;
				CLANG_WARN_INT_CONVERSION = YES;
				CLANG_WARN_NON_LITERAL_NULL_CONVERSION = YES;
				CLANG_WARN_OBJC_IMPLICIT_RETAIN_SELF = YES;
				CLANG_WARN_OBJC_LITERAL_CONVERSION = YES;
				CLANG_WARN_OBJC_ROOT_CLASS = YES_ERROR;
				CLANG_WARN_QUOTED_INCLUDE_IN_FRAMEWORK_HEADER = YES;
				CLANG_WARN_RANGE_LOOP_ANALYSIS = YES;
				CLANG_WARN_STRICT_PROTOTYPES = YES;
				CLANG_WARN_SUSPICIOUS_MOVE = YES;
				CLANG_WARN_UNGUARDED_AVAILABILITY = YES_AGGRESSIVE;
				CLANG_WARN_UNREACHABLE_CODE = YES;
				CLANG_WARN__DUPLICATE_METHOD_MATCH = YES;
				COPY_PHASE_STRIP = NO;
				DEBUG_INFORMATION_FORMAT = "dwarf-with-dsym";
				ENABLE_NS_ASSERTIONS = NO;
				ENABLE_STRICT_OBJC_MSGSEND = YES;
				GCC_C_LANGUAGE_STANDARD = gnu11;
				GCC_NO_COMMON_BLOCKS = YES;
				GCC_WARN_64_TO_32_BIT_CONVERSION = YES;
				GCC_WARN_ABOUT_RETURN_TYPE = YES_ERROR;
				GCC_WARN_UNDECLARED_SELECTOR = YES;
				GCC_WARN_UNINITIALIZED_AUTOS = YES_AGGRESSIVE;
				GCC_WARN_UNUSED_FUNCTION = YES;
				GCC_WARN_UNUSED_VARIABLE = YES;
				IPHONEOS_DEPLOYMENT_TARGET = 15.2;
				MTL_ENABLE_DEBUG_INFO = NO;
				MTL_FAST_MATH = YES;
				SDKROOT = iphoneos;
				SWIFT_COMPILATION_MODE = wholemodule;
				SWIFT_OPTIMIZATION_LEVEL = "-O";
				VALIDATE_PRODUCT = YES;
			};
			name = Release;
		};
		B758D2BE2848F8F200221A99 /* Debug */ = {
			isa = XCBuildConfiguration;
			baseConfigurationReference = A36F8F0DC2DBB392ED0CDFDD /* Pods-MVVMRxSwift.debug.xcconfig */;
			buildSettings = {
				ASSETCATALOG_COMPILER_APPICON_NAME = AppIcon;
				ASSETCATALOG_COMPILER_GLOBAL_ACCENT_COLOR_NAME = AccentColor;
				CODE_SIGN_STYLE = Automatic;
				CURRENT_PROJECT_VERSION = 1;
				DEVELOPMENT_TEAM = 4Y2567YJY8;
				GENERATE_INFOPLIST_FILE = YES;
				INFOPLIST_FILE = MVVMRxSwift/Info.plist;
				INFOPLIST_KEY_UIApplicationSupportsIndirectInputEvents = YES;
				INFOPLIST_KEY_UILaunchStoryboardName = LaunchScreen;
				INFOPLIST_KEY_UISupportedInterfaceOrientations_iPad = "UIInterfaceOrientationPortrait UIInterfaceOrientationPortraitUpsideDown UIInterfaceOrientationLandscapeLeft UIInterfaceOrientationLandscapeRight";
				INFOPLIST_KEY_UISupportedInterfaceOrientations_iPhone = "UIInterfaceOrientationPortrait UIInterfaceOrientationLandscapeLeft UIInterfaceOrientationLandscapeRight";
				LD_RUNPATH_SEARCH_PATHS = (
					"$(inherited)",
					"@executable_path/Frameworks",
				);
				MARKETING_VERSION = 1.0;
				PRODUCT_BUNDLE_IDENTIFIER = kant.MVVMRxSwift;
				PRODUCT_NAME = "$(TARGET_NAME)";
				SWIFT_EMIT_LOC_STRINGS = YES;
				SWIFT_VERSION = 5.0;
				TARGETED_DEVICE_FAMILY = "1,2";
			};
			name = Debug;
		};
		B758D2BF2848F8F200221A99 /* Release */ = {
			isa = XCBuildConfiguration;
			baseConfigurationReference = F32EC71B21A04FA45760765F /* Pods-MVVMRxSwift.release.xcconfig */;
			buildSettings = {
				ASSETCATALOG_COMPILER_APPICON_NAME = AppIcon;
				ASSETCATALOG_COMPILER_GLOBAL_ACCENT_COLOR_NAME = AccentColor;
				CODE_SIGN_STYLE = Automatic;
				CURRENT_PROJECT_VERSION = 1;
				DEVELOPMENT_TEAM = 4Y2567YJY8;
				GENERATE_INFOPLIST_FILE = YES;
				INFOPLIST_FILE = MVVMRxSwift/Info.plist;
				INFOPLIST_KEY_UIApplicationSupportsIndirectInputEvents = YES;
				INFOPLIST_KEY_UILaunchStoryboardName = LaunchScreen;
				INFOPLIST_KEY_UISupportedInterfaceOrientations_iPad = "UIInterfaceOrientationPortrait UIInterfaceOrientationPortraitUpsideDown UIInterfaceOrientationLandscapeLeft UIInterfaceOrientationLandscapeRight";
				INFOPLIST_KEY_UISupportedInterfaceOrientations_iPhone = "UIInterfaceOrientationPortrait UIInterfaceOrientationLandscapeLeft UIInterfaceOrientationLandscapeRight";
				LD_RUNPATH_SEARCH_PATHS = (
					"$(inherited)",
					"@executable_path/Frameworks",
				);
				MARKETING_VERSION = 1.0;
				PRODUCT_BUNDLE_IDENTIFIER = kant.MVVMRxSwift;
				PRODUCT_NAME = "$(TARGET_NAME)";
				SWIFT_EMIT_LOC_STRINGS = YES;
				SWIFT_VERSION = 5.0;
				TARGETED_DEVICE_FAMILY = "1,2";
			};
			name = Release;
		};
/* End XCBuildConfiguration section */

/* Begin XCConfigurationList section */
		B758D2A12848F8F200221A99 /* Build configuration list for PBXProject "MVVMRxSwift" */ = {
			isa = XCConfigurationList;
			buildConfigurations = (
				B758D2BB2848F8F200221A99 /* Debug */,
				B758D2BC2848F8F200221A99 /* Release */,
			);
			defaultConfigurationIsVisible = 0;
			defaultConfigurationName = Release;
		};
		B758D2BD2848F8F200221A99 /* Build configuration list for PBXNativeTarget "MVVMRxSwift" */ = {
			isa = XCConfigurationList;
			buildConfigurations = (
				B758D2BE2848F8F200221A99 /* Debug */,
				B758D2BF2848F8F200221A99 /* Release */,
			);
			defaultConfigurationIsVisible = 0;
			defaultConfigurationName = Release;
		};
/* End XCConfigurationList section */

/* Begin XCVersionGroup section */
		B758D2B22848F8F200221A99 /* MVVMRxSwift.xcdatamodeld */ = {
			isa = XCVersionGroup;
			children = (
				B758D2B32848F8F200221A99 /* MVVMRxSwift.xcdatamodel */,
			);
			currentVersion = B758D2B32848F8F200221A99 /* MVVMRxSwift.xcdatamodel */;
			path = MVVMRxSwift.xcdatamodeld;
			sourceTree = "<group>";
			versionGroupType = wrapper.xcdatamodel;
		};
/* End XCVersionGroup section */
	};
	rootObject = B758D29E2848F8F200221A99 /* Project object */;
}
